
Microsoft Visual Studio Solution File, Format Version 12.00
# Visual Studio Version 17
VisualStudioVersion = 17.5.33530.505
MinimumVisualStudioVersion = 10.0.40219.1
Project("{FAE04EC0-301F-11D3-BF4B-00C04F79EFBC}") = "Core", "Core\Core.csproj", "{A229D5CF-53B3-4E2F-BDD7-739462E58A5C}"
EndProject
Project("{FAE04EC0-301F-11D3-BF4B-00C04F79EFBC}") = "Data", "Data\Data.csproj", "{4B71511A-3372-42D6-9FC6-F7AF6558E4BD}"
EndProject
Global
	GlobalSection(SolutionConfigurationPlatforms) = preSolution
		Debug|Any CPU = Debug|Any CPU
		Release|Any CPU = Release|Any CPU
	EndGlobalSection
	GlobalSection(ProjectConfigurationPlatforms) = postSolution
		{A229D5CF-53B3-4E2F-BDD7-739462E58A5C}.Debug|Any CPU.ActiveCfg = Debug|Any CPU
		{A229D5CF-53B3-4E2F-BDD7-739462E58A5C}.Debug|Any CPU.Build.0 = Debug|Any CPU
		{A229D5CF-53B3-4E2F-BDD7-739462E58A5C}.Release|Any CPU.ActiveCfg = Release|Any CPU
		{A229D5CF-53B3-4E2F-BDD7-739462E58A5C}.Release|Any CPU.Build.0 = Release|Any CPU
		{4B71511A-3372-42D6-9FC6-F7AF6558E4BD}.Debug|Any CPU.ActiveCfg = Debug|Any CPU
		{4B71511A-3372-42D6-9FC6-F7AF6558E4BD}.Debug|Any CPU.Build.0 = Debug|Any CPU
		{4B71511A-3372-42D6-9FC6-F7AF6558E4BD}.Release|Any CPU.ActiveCfg = Release|Any CPU
		{4B71511A-3372-42D6-9FC6-F7AF6558E4BD}.Release|Any CPU.Build.0 = Release|Any CPU
	EndGlobalSection
	GlobalSection(SolutionProperties) = preSolution
		HideSolutionNode = FALSE
	EndGlobalSection
	GlobalSection(ExtensibilityGlobals) = postSolution
		SolutionGuid = {8D65ABED-398C-400E-AE50-897D2BD5392E}
	EndGlobalSection
EndGlobal
