
Microsoft Visual Studio Solution File, Format Version 12.00
# Visual Studio Version 17
VisualStudioVersion = 17.4.33122.133
MinimumVisualStudioVersion = 10.0.40219.1
Project("{FAE04EC0-301F-11D3-BF4B-00C04F79EFBC}") = "ContosoPizza", "ContosoPizza\ContosoPizza.csproj", "{BC06945B-00F9-4F8C-9C2A-327C08180106}"
EndProject
Global
	GlobalSection(SolutionConfigurationPlatforms) = preSolution
		Debug|Any CPU = Debug|Any CPU
		Release|Any CPU = Release|Any CPU
	EndGlobalSection
	GlobalSection(ProjectConfigurationPlatforms) = postSolution
		{BC06945B-00F9-4F8C-9C2A-327C08180106}.Debug|Any CPU.ActiveCfg = Debug|Any CPU
		{BC06945B-00F9-4F8C-9C2A-327C08180106}.Debug|Any CPU.Build.0 = Debug|Any CPU
		{BC06945B-00F9-4F8C-9C2A-327C08180106}.Release|Any CPU.ActiveCfg = Release|Any CPU
		{BC06945B-00F9-4F8C-9C2A-327C08180106}.Release|Any CPU.Build.0 = Release|Any CPU
	EndGlobalSection
	GlobalSection(SolutionProperties) = preSolution
		HideSolutionNode = FALSE
	EndGlobalSection
	GlobalSection(ExtensibilityGlobals) = postSolution
		SolutionGuid = {4DA1A8D9-A973-4FDE-8C73-3DB1B1E7672B}
	EndGlobalSection
EndGlobal
