
Microsoft Visual Studio Solution File, Format Version 12.00
# Visual Studio Version 17
VisualStudioVersion = 17.5.33530.505
MinimumVisualStudioVersion = 10.0.40219.1
Project("{FAE04EC0-301F-11D3-BF4B-00C04F79EFBC}") = "DotNet7-(JWT)-UserRegistration-Login-Authentication", "DotNet7-(JWT)-UserRegistration-Login-Authentication\DotNet7-(JWT)-UserRegistration-Login-Authentication.csproj", "{136EB9EC-5663-47E8-8FB8-3CF91BCA0699}"
EndProject
Global
	GlobalSection(SolutionConfigurationPlatforms) = preSolution
		Debug|Any CPU = Debug|Any CPU
		Release|Any CPU = Release|Any CPU
	EndGlobalSection
	GlobalSection(ProjectConfigurationPlatforms) = postSolution
		{136EB9EC-5663-47E8-8FB8-3CF91BCA0699}.Debug|Any CPU.ActiveCfg = Debug|Any CPU
		{136EB9EC-5663-47E8-8FB8-3CF91BCA0699}.Debug|Any CPU.Build.0 = Debug|Any CPU
		{136EB9EC-5663-47E8-8FB8-3CF91BCA0699}.Release|Any CPU.ActiveCfg = Release|Any CPU
		{136EB9EC-5663-47E8-8FB8-3CF91BCA0699}.Release|Any CPU.Build.0 = Release|Any CPU
	EndGlobalSection
	GlobalSection(SolutionProperties) = preSolution
		HideSolutionNode = FALSE
	EndGlobalSection
	GlobalSection(ExtensibilityGlobals) = postSolution
		SolutionGuid = {8DC6D480-603C-4CA2-9666-654447964D4F}
	EndGlobalSection
EndGlobal
